
Microsoft Visual Studio Solution File, Format Version 12.00
# Visual Studio Version 17
VisualStudioVersion = 17.3.32811.315
MinimumVisualStudioVersion = 10.0.40219.1
Project("{888888A0-9F3D-457C-B088-3A5042F75D52}") = "BattleShip 12-26-2023", "BattleShip 12-26-2023.pyproj", "{2E438F02-834F-454E-9029-0AF7315636CE}"
EndProject
Global
	GlobalSection(SolutionConfigurationPlatforms) = preSolution
		Debug|Any CPU = Debug|Any CPU
		Release|Any CPU = Release|Any CPU
	EndGlobalSection
	GlobalSection(ProjectConfigurationPlatforms) = postSolution
		{2E438F02-834F-454E-9029-0AF7315636CE}.Debug|Any CPU.ActiveCfg = Debug|Any CPU
		{2E438F02-834F-454E-9029-0AF7315636CE}.Release|Any CPU.ActiveCfg = Release|Any CPU
	EndGlobalSection
	GlobalSection(SolutionProperties) = preSolution
		HideSolutionNode = FALSE
	EndGlobalSection
	GlobalSection(ExtensibilityGlobals) = postSolution
		SolutionGuid = {D044B544-1185-4E96-90E4-461527A8F8B5}
	EndGlobalSection
EndGlobal
